
Microsoft Visual Studio Solution File, Format Version 12.00
# Visual Studio Version 17
VisualStudioVersion = 17.5.33627.172
MinimumVisualStudioVersion = 10.0.40219.1
Project("{FAE04EC0-301F-11D3-BF4B-00C04F79EFBC}") = "Projekt 21dni", "Projekt 21dni\Projekt 21dni.csproj", "{15975961-ACCE-4EA3-A3C5-6A9A1F328614}"
EndProject
Global
	GlobalSection(SolutionConfigurationPlatforms) = preSolution
		Debug|Any CPU = Debug|Any CPU
		Release|Any CPU = Release|Any CPU
	EndGlobalSection
	GlobalSection(ProjectConfigurationPlatforms) = postSolution
		{15975961-ACCE-4EA3-A3C5-6A9A1F328614}.Debug|Any CPU.ActiveCfg = Debug|Any CPU
		{15975961-ACCE-4EA3-A3C5-6A9A1F328614}.Debug|Any CPU.Build.0 = Debug|Any CPU
		{15975961-ACCE-4EA3-A3C5-6A9A1F328614}.Release|Any CPU.ActiveCfg = Release|Any CPU
		{15975961-ACCE-4EA3-A3C5-6A9A1F328614}.Release|Any CPU.Build.0 = Release|Any CPU
	EndGlobalSection
	GlobalSection(SolutionProperties) = preSolution
		HideSolutionNode = FALSE
	EndGlobalSection
	GlobalSection(ExtensibilityGlobals) = postSolution
		SolutionGuid = {5D36D5F8-2A4C-4D66-8672-4720DFC51EA9}
	EndGlobalSection
EndGlobal
